
Microsoft Visual Studio Solution File, Format Version 12.00
# Visual Studio Version 17
VisualStudioVersion = 17.4.33103.184
MinimumVisualStudioVersion = 10.0.40219.1
Project("{9A19103F-16F7-4668-BE54-9A1E7A4F7556}") = "AdventUtils", "Common\AdventUtils\AdventUtils.csproj", "{31CA4D92-8F27-45DC-A15C-5700E2BA0E50}"
EndProject
Project("{9A19103F-16F7-4668-BE54-9A1E7A4F7556}") = "AoC2022Day01", "Day01\AoC2022Day01\AoC2022Day01.csproj", "{E7796A59-C839-4B2E-A45B-FA02231AF917}"
EndProject
Project("{2150E333-8FDC-42A3-9474-1A3956D46DE8}") = "Day01", "Day01", "{A679C987-5757-41B8-8E2E-EE0088C6D12C}"
EndProject
Project("{2150E333-8FDC-42A3-9474-1A3956D46DE8}") = "Common", "Common", "{FB7D117A-4889-47AF-8D0D-7BF875656F59}"
EndProject
Project("{2150E333-8FDC-42A3-9474-1A3956D46DE8}") = "Day02", "Day02", "{0161F61C-53CF-4133-8C84-AD6B9D6B6BDB}"
EndProject
Project("{9A19103F-16F7-4668-BE54-9A1E7A4F7556}") = "AoC20022Day02", "Day02\AoC20022Day02\AoC20022Day02.csproj", "{30EDE72F-DF81-49E3-8FE5-49CF69012FC2}"
EndProject
Project("{2150E333-8FDC-42A3-9474-1A3956D46DE8}") = "Day03", "Day03", "{51777DA8-5436-41A1-B861-B079DC78D6FD}"
EndProject
Project("{9A19103F-16F7-4668-BE54-9A1E7A4F7556}") = "AoC20022Day03", "Day03\AoC20022Day03\AoC20022Day03.csproj", "{8A25353C-4204-401C-8D50-8D4022F5EA97}"
EndProject
Project("{2150E333-8FDC-42A3-9474-1A3956D46DE8}") = "Day04", "Day04", "{859AB214-9F9C-4232-8962-3544B9CC3CF0}"
EndProject
Project("{9A19103F-16F7-4668-BE54-9A1E7A4F7556}") = "AoC2022Day04", "Day04\AoC2022Day04\AoC2022Day04.csproj", "{7F2E3AD2-BCF6-4AC5-A1F0-E49A0C282FEF}"
EndProject
Project("{2150E333-8FDC-42A3-9474-1A3956D46DE8}") = "Solution Items", "Solution Items", "{F06026BF-ECFC-4CE6-8EB0-7CCD8688BE1D}"
	ProjectSection(SolutionItems) = preProject
		startCode.txt = startCode.txt
	EndProjectSection
EndProject
Project("{2150E333-8FDC-42A3-9474-1A3956D46DE8}") = "Day05", "Day05", "{352805CA-B202-49BE-82FC-10288DBC015A}"
EndProject
Project("{9A19103F-16F7-4668-BE54-9A1E7A4F7556}") = "AoC2022Day05", "Day05\AoC2022Day05\AoC2022Day05.csproj", "{2C241AC1-ABBA-42DE-B1A4-C228344E8A4F}"
EndProject
Project("{2150E333-8FDC-42A3-9474-1A3956D46DE8}") = "Day06", "Day06", "{93E23854-6877-4435-8DF0-43523AA2F767}"
EndProject
Project("{FAE04EC0-301F-11D3-BF4B-00C04F79EFBC}") = "AoC2022Day06", "Day06\AoC2022Day06\AoC2022Day06.csproj", "{C5811B07-766E-40BC-9E04-F2CBD4C95607}"
EndProject
Project("{2150E333-8FDC-42A3-9474-1A3956D46DE8}") = "Day07", "Day07", "{3898F24D-DCAE-4FB6-9330-05830846E743}"
EndProject
Project("{FAE04EC0-301F-11D3-BF4B-00C04F79EFBC}") = "AoC2022Day07", "Day07\AoC2022Day07\AoC2022Day07.csproj", "{70ED42A7-4BEF-472B-BBD7-E01B6E9720FA}"
EndProject
Global
	GlobalSection(SolutionConfigurationPlatforms) = preSolution
		Debug|Any CPU = Debug|Any CPU
		Release|Any CPU = Release|Any CPU
	EndGlobalSection
	GlobalSection(ProjectConfigurationPlatforms) = postSolution
		{31CA4D92-8F27-45DC-A15C-5700E2BA0E50}.Debug|Any CPU.ActiveCfg = Debug|Any CPU
		{31CA4D92-8F27-45DC-A15C-5700E2BA0E50}.Debug|Any CPU.Build.0 = Debug|Any CPU
		{31CA4D92-8F27-45DC-A15C-5700E2BA0E50}.Release|Any CPU.ActiveCfg = Release|Any CPU
		{31CA4D92-8F27-45DC-A15C-5700E2BA0E50}.Release|Any CPU.Build.0 = Release|Any CPU
		{E7796A59-C839-4B2E-A45B-FA02231AF917}.Debug|Any CPU.ActiveCfg = Debug|Any CPU
		{E7796A59-C839-4B2E-A45B-FA02231AF917}.Debug|Any CPU.Build.0 = Debug|Any CPU
		{E7796A59-C839-4B2E-A45B-FA02231AF917}.Release|Any CPU.ActiveCfg = Release|Any CPU
		{E7796A59-C839-4B2E-A45B-FA02231AF917}.Release|Any CPU.Build.0 = Release|Any CPU
		{30EDE72F-DF81-49E3-8FE5-49CF69012FC2}.Debug|Any CPU.ActiveCfg = Debug|Any CPU
		{30EDE72F-DF81-49E3-8FE5-49CF69012FC2}.Debug|Any CPU.Build.0 = Debug|Any CPU
		{30EDE72F-DF81-49E3-8FE5-49CF69012FC2}.Release|Any CPU.ActiveCfg = Release|Any CPU
		{30EDE72F-DF81-49E3-8FE5-49CF69012FC2}.Release|Any CPU.Build.0 = Release|Any CPU
		{8A25353C-4204-401C-8D50-8D4022F5EA97}.Debug|Any CPU.ActiveCfg = Debug|Any CPU
		{8A25353C-4204-401C-8D50-8D4022F5EA97}.Debug|Any CPU.Build.0 = Debug|Any CPU
		{8A25353C-4204-401C-8D50-8D4022F5EA97}.Release|Any CPU.ActiveCfg = Release|Any CPU
		{8A25353C-4204-401C-8D50-8D4022F5EA97}.Release|Any CPU.Build.0 = Release|Any CPU
		{7F2E3AD2-BCF6-4AC5-A1F0-E49A0C282FEF}.Debug|Any CPU.ActiveCfg = Debug|Any CPU
		{7F2E3AD2-BCF6-4AC5-A1F0-E49A0C282FEF}.Debug|Any CPU.Build.0 = Debug|Any CPU
		{7F2E3AD2-BCF6-4AC5-A1F0-E49A0C282FEF}.Release|Any CPU.ActiveCfg = Release|Any CPU
		{7F2E3AD2-BCF6-4AC5-A1F0-E49A0C282FEF}.Release|Any CPU.Build.0 = Release|Any CPU
		{2C241AC1-ABBA-42DE-B1A4-C228344E8A4F}.Debug|Any CPU.ActiveCfg = Debug|Any CPU
		{2C241AC1-ABBA-42DE-B1A4-C228344E8A4F}.Debug|Any CPU.Build.0 = Debug|Any CPU
		{2C241AC1-ABBA-42DE-B1A4-C228344E8A4F}.Release|Any CPU.ActiveCfg = Release|Any CPU
		{2C241AC1-ABBA-42DE-B1A4-C228344E8A4F}.Release|Any CPU.Build.0 = Release|Any CPU
		{C5811B07-766E-40BC-9E04-F2CBD4C95607}.Debug|Any CPU.ActiveCfg = Debug|Any CPU
		{C5811B07-766E-40BC-9E04-F2CBD4C95607}.Debug|Any CPU.Build.0 = Debug|Any CPU
		{C5811B07-766E-40BC-9E04-F2CBD4C95607}.Release|Any CPU.ActiveCfg = Release|Any CPU
		{C5811B07-766E-40BC-9E04-F2CBD4C95607}.Release|Any CPU.Build.0 = Release|Any CPU
		{70ED42A7-4BEF-472B-BBD7-E01B6E9720FA}.Debug|Any CPU.ActiveCfg = Debug|Any CPU
		{70ED42A7-4BEF-472B-BBD7-E01B6E9720FA}.Debug|Any CPU.Build.0 = Debug|Any CPU
		{70ED42A7-4BEF-472B-BBD7-E01B6E9720FA}.Release|Any CPU.ActiveCfg = Release|Any CPU
		{70ED42A7-4BEF-472B-BBD7-E01B6E9720FA}.Release|Any CPU.Build.0 = Release|Any CPU
	EndGlobalSection
	GlobalSection(SolutionProperties) = preSolution
		HideSolutionNode = FALSE
	EndGlobalSection
	GlobalSection(NestedProjects) = preSolution
		{31CA4D92-8F27-45DC-A15C-5700E2BA0E50} = {FB7D117A-4889-47AF-8D0D-7BF875656F59}
		{E7796A59-C839-4B2E-A45B-FA02231AF917} = {A679C987-5757-41B8-8E2E-EE0088C6D12C}
		{30EDE72F-DF81-49E3-8FE5-49CF69012FC2} = {0161F61C-53CF-4133-8C84-AD6B9D6B6BDB}
		{8A25353C-4204-401C-8D50-8D4022F5EA97} = {51777DA8-5436-41A1-B861-B079DC78D6FD}
		{7F2E3AD2-BCF6-4AC5-A1F0-E49A0C282FEF} = {859AB214-9F9C-4232-8962-3544B9CC3CF0}
		{2C241AC1-ABBA-42DE-B1A4-C228344E8A4F} = {352805CA-B202-49BE-82FC-10288DBC015A}
		{C5811B07-766E-40BC-9E04-F2CBD4C95607} = {93E23854-6877-4435-8DF0-43523AA2F767}
		{70ED42A7-4BEF-472B-BBD7-E01B6E9720FA} = {3898F24D-DCAE-4FB6-9330-05830846E743}
	EndGlobalSection
	GlobalSection(ExtensibilityGlobals) = postSolution
		SolutionGuid = {0243C73C-7721-4681-B0AA-CFAE335AB033}
	EndGlobalSection
EndGlobal
